
Microsoft Visual Studio Solution File, Format Version 12.00
# Visual Studio Version 17
VisualStudioVersion = 17.4.33205.214
MinimumVisualStudioVersion = 10.0.40219.1
Project("{FAE04EC0-301F-11D3-BF4B-00C04F79EFBC}") = "OHI_Library_System", "OHI_Library_System\OHI_Library_System.csproj", "{061BF990-8094-4A15-84B8-182756EC48DA}"
EndProject
Global
	GlobalSection(SolutionConfigurationPlatforms) = preSolution
		Debug|Any CPU = Debug|Any CPU
		Release|Any CPU = Release|Any CPU
	EndGlobalSection
	GlobalSection(ProjectConfigurationPlatforms) = postSolution
		{061BF990-8094-4A15-84B8-182756EC48DA}.Debug|Any CPU.ActiveCfg = Debug|Any CPU
		{061BF990-8094-4A15-84B8-182756EC48DA}.Debug|Any CPU.Build.0 = Debug|Any CPU
		{061BF990-8094-4A15-84B8-182756EC48DA}.Release|Any CPU.ActiveCfg = Release|Any CPU
		{061BF990-8094-4A15-84B8-182756EC48DA}.Release|Any CPU.Build.0 = Release|Any CPU
	EndGlobalSection
	GlobalSection(SolutionProperties) = preSolution
		HideSolutionNode = FALSE
	EndGlobalSection
	GlobalSection(ExtensibilityGlobals) = postSolution
		SolutionGuid = {646E6804-9A80-4258-8434-68132DB87449}
	EndGlobalSection
EndGlobal
